
Microsoft Visual Studio Solution File, Format Version 12.00
# Visual Studio Version 17
VisualStudioVersion = 17.13.35931.197 d17.13
MinimumVisualStudioVersion = 10.0.40219.1
Project("{FAE04EC0-301F-11D3-BF4B-00C04F79EFBC}") = "01. Number Pyramid", "01. Number Pyramid\01. Number Pyramid.csproj", "{439816A5-51D7-457F-8864-5ED767E319E8}"
EndProject
Project("{FAE04EC0-301F-11D3-BF4B-00C04F79EFBC}") = "02. Equal Sums Even Odd Position", "02. Equal Sums Even Odd Position\02. Equal Sums Even Odd Position.csproj", "{4882DDAA-3051-4DF1-BB87-CE6698319DC3}"
EndProject
Project("{FAE04EC0-301F-11D3-BF4B-00C04F79EFBC}") = "03. Sum Prime Non Prime", "03. Sum Prime Non Prime\03. Sum Prime Non Prime.csproj", "{C86C30BC-0E6C-431C-8625-D67B47ABD193}"
EndProject
Project("{FAE04EC0-301F-11D3-BF4B-00C04F79EFBC}") = "04. Train The Trainers", "04. Train The Trainers\04. Train The Trainers.csproj", "{0DA3482B-76DE-4377-99D2-604D0BADC19E}"
EndProject
Project("{FAE04EC0-301F-11D3-BF4B-00C04F79EFBC}") = "05. Special Numbers", "05. Special Numbers\05. Special Numbers.csproj", "{8F7C3B2D-FB1D-4F2D-974E-89B3B45204F8}"
EndProject
Project("{FAE04EC0-301F-11D3-BF4B-00C04F79EFBC}") = "06. Cinema Tickets", "06. Cinema Tickets\06. Cinema Tickets.csproj", "{50F4049F-9BC6-4D0C-9EC2-F2C31710C15C}"
EndProject
Global
	GlobalSection(SolutionConfigurationPlatforms) = preSolution
		Debug|Any CPU = Debug|Any CPU
		Release|Any CPU = Release|Any CPU
	EndGlobalSection
	GlobalSection(ProjectConfigurationPlatforms) = postSolution
		{439816A5-51D7-457F-8864-5ED767E319E8}.Debug|Any CPU.ActiveCfg = Debug|Any CPU
		{439816A5-51D7-457F-8864-5ED767E319E8}.Debug|Any CPU.Build.0 = Debug|Any CPU
		{439816A5-51D7-457F-8864-5ED767E319E8}.Release|Any CPU.ActiveCfg = Release|Any CPU
		{439816A5-51D7-457F-8864-5ED767E319E8}.Release|Any CPU.Build.0 = Release|Any CPU
		{4882DDAA-3051-4DF1-BB87-CE6698319DC3}.Debug|Any CPU.ActiveCfg = Debug|Any CPU
		{4882DDAA-3051-4DF1-BB87-CE6698319DC3}.Debug|Any CPU.Build.0 = Debug|Any CPU
		{4882DDAA-3051-4DF1-BB87-CE6698319DC3}.Release|Any CPU.ActiveCfg = Release|Any CPU
		{4882DDAA-3051-4DF1-BB87-CE6698319DC3}.Release|Any CPU.Build.0 = Release|Any CPU
		{C86C30BC-0E6C-431C-8625-D67B47ABD193}.Debug|Any CPU.ActiveCfg = Debug|Any CPU
		{C86C30BC-0E6C-431C-8625-D67B47ABD193}.Debug|Any CPU.Build.0 = Debug|Any CPU
		{C86C30BC-0E6C-431C-8625-D67B47ABD193}.Release|Any CPU.ActiveCfg = Release|Any CPU
		{C86C30BC-0E6C-431C-8625-D67B47ABD193}.Release|Any CPU.Build.0 = Release|Any CPU
		{0DA3482B-76DE-4377-99D2-604D0BADC19E}.Debug|Any CPU.ActiveCfg = Debug|Any CPU
		{0DA3482B-76DE-4377-99D2-604D0BADC19E}.Debug|Any CPU.Build.0 = Debug|Any CPU
		{0DA3482B-76DE-4377-99D2-604D0BADC19E}.Release|Any CPU.ActiveCfg = Release|Any CPU
		{0DA3482B-76DE-4377-99D2-604D0BADC19E}.Release|Any CPU.Build.0 = Release|Any CPU
		{8F7C3B2D-FB1D-4F2D-974E-89B3B45204F8}.Debug|Any CPU.ActiveCfg = Debug|Any CPU
		{8F7C3B2D-FB1D-4F2D-974E-89B3B45204F8}.Debug|Any CPU.Build.0 = Debug|Any CPU
		{8F7C3B2D-FB1D-4F2D-974E-89B3B45204F8}.Release|Any CPU.ActiveCfg = Release|Any CPU
		{8F7C3B2D-FB1D-4F2D-974E-89B3B45204F8}.Release|Any CPU.Build.0 = Release|Any CPU
		{50F4049F-9BC6-4D0C-9EC2-F2C31710C15C}.Debug|Any CPU.ActiveCfg = Debug|Any CPU
		{50F4049F-9BC6-4D0C-9EC2-F2C31710C15C}.Debug|Any CPU.Build.0 = Debug|Any CPU
		{50F4049F-9BC6-4D0C-9EC2-F2C31710C15C}.Release|Any CPU.ActiveCfg = Release|Any CPU
		{50F4049F-9BC6-4D0C-9EC2-F2C31710C15C}.Release|Any CPU.Build.0 = Release|Any CPU
	EndGlobalSection
	GlobalSection(SolutionProperties) = preSolution
		HideSolutionNode = FALSE
	EndGlobalSection
	GlobalSection(ExtensibilityGlobals) = postSolution
		SolutionGuid = {DC7AC404-52D7-4155-9BF7-6423F9FC34A9}
	EndGlobalSection
EndGlobal
